PODS:
  - NativeUI (1.2.2):
    - NativeUI/Core (= 1.2.2)
  - NativeUI/Alert (1.2.2):
    - NativeUI/Utils
  - NativeUI/Core (1.2.2):
    - NativeUI/Alert
  - NativeUI/Utils (1.2.2)

DEPENDENCIES:
  - NativeUI (from `../`)

EXTERNAL SOURCES:
  NativeUI:
    :path: "../"

SPEC CHECKSUMS:
  NativeUI: 9d0e6e7c477fce94fd101762870ee24060458b57

PODFILE CHECKSUM: 71e9984cae5062c9589c8c35414bec40503bcc43

COCOAPODS: 1.9.3
