PODS:
  - NativeUI/Alert (0.0.3):
    - NativeUI/Utils
  - NativeUI/Utils (0.0.3)

DEPENDENCIES:
  - NativeUI/Alert (= 0.0.3)

SPEC REPOS:
  trunk:
    - NativeUI

SPEC CHECKSUMS:
  NativeUI: d89eeb004dd445bb67bef1579be654edffdd7a2e

PODFILE CHECKSUM: fbc3d68420579929484e8e2c80001a8e9fd72d90

COCOAPODS: 1.9.1
