PODS:
  - NativeUI (1.0.1):
    - NativeUI/Core (= 1.0.1)
  - NativeUI/Alert (1.0.1):
    - NativeUI/Utils
  - NativeUI/Core (1.0.1):
    - NativeUI/Alert
  - NativeUI/Utils (1.0.1)

DEPENDENCIES:
  - NativeUI (from `../`)

EXTERNAL SOURCES:
  NativeUI:
    :path: "../"

SPEC CHECKSUMS:
  NativeUI: 6de137806356923678e5b124502c00246ed8a14a

PODFILE CHECKSUM: bb46d7bf1ae3b119e00a9331a12cd0a4b5cac170

COCOAPODS: 1.9.3
