// !$*UTF8*$!
{
	archiveVersion = 1;
	classes = {
	};
	objectVersion = 50;
	objects = {

/* Begin PBXBuildFile section */
		3AB073E4243A1D6E0092DF66 /* AppDelegate.swift in Sources */ = {isa = PBXBuildFile; fileRef = 3AB073E3243A1D6E0092DF66 /* AppDelegate.swift */; };
		3AB073E8243A1D6E0092DF66 /* ViewController.swift in Sources */ = {isa = PBXBuildFile; fileRef = 3AB073E7243A1D6E0092DF66 /* ViewController.swift */; };
		3AB073EB243A1D6E0092DF66 /* Main.storyboard in Resources */ = {isa = PBXBuildFile; fileRef = 3AB073E9243A1D6E0092DF66 /* Main.storyboard */; };
		3AB073ED243A1D6F0092DF66 /* Assets.xcassets in Resources */ = {isa = PBXBuildFile; fileRef = 3AB073EC243A1D6F0092DF66 /* Assets.xcassets */; };
		3AB073F0243A1D6F0092DF66 /* LaunchScreen.storyboard in Resources */ = {isa = PBXBuildFile; fileRef = 3AB073EE243A1D6F0092DF66 /* LaunchScreen.storyboard */; };
		72F4F40FCECC507127BBF9EB /* Pods_NativeUIExample.framework in Frameworks */ = {isa = PBXBuildFile; fileRef = A6CA57C303D1BCA85495862B /* Pods_NativeUIExample.framework */; };
/* End PBXBuildFile section */

/* Begin PBXFileReference section */
		3AB073E0243A1D6E0092DF66 /* NativeUIExample.app */ = {isa = PBXFileReference; explicitFileType = wrapper.application; includeInIndex = 0; path = NativeUIExample.app; sourceTree = BUILT_PRODUCTS_DIR; };
		3AB073E3243A1D6E0092DF66 /* AppDelegate.swift */ = {isa = PBXFileReference; lastKnownFileType = sourcecode.swift; path = AppDelegate.swift; sourceTree = "<group>"; };
		3AB073E7243A1D6E0092DF66 /* ViewController.swift */ = {isa = PBXFileReference; lastKnownFileType = sourcecode.swift; path = ViewController.swift; sourceTree = "<group>"; };
		3AB073EA243A1D6E0092DF66 /* Base */ = {isa = PBXFileReference; lastKnownFileType = file.storyboard; name = Base; path = Base.lproj/Main.storyboard; sourceTree = "<group>"; };
		3AB073EC243A1D6F0092DF66 /* Assets.xcassets */ = {isa = PBXFileReference; lastKnownFileType = folder.assetcatalog; path = Assets.xcassets; sourceTree = "<group>"; };
		3AB073EF243A1D6F0092DF66 /* Base */ = {isa = PBXFileReference; lastKnownFileType = file.storyboard; name = Base; path = Base.lproj/LaunchScreen.storyboard; sourceTree = "<group>"; };
		3AB073F1243A1D6F0092DF66 /* Info.plist */ = {isa = PBXFileReference; lastKnownFileType = text.plist.xml; path = Info.plist; sourceTree = "<group>"; };
		A6CA57C303D1BCA85495862B /* Pods_NativeUIExample.framework */ = {isa = PBXFileReference; explicitFileType = wrapper.framework; includeInIndex = 0; path = Pods_NativeUIExample.framework; sourceTree = BUILT_PRODUCTS_DIR; };
		C3802E7F052BAEDAF473A7C9 /* Pods-NativeUIExample.release.xcconfig */ = {isa = PBXFileReference; includeInIndex = 1; lastKnownFileType = text.xcconfig; name = "Pods-NativeUIExample.release.xcconfig"; path = "Target Support Files/Pods-NativeUIExample/Pods-NativeUIExample.release.xcconfig"; sourceTree = "<group>"; };
		F9432C3CC8F8BA5AE31566B5 /* Pods-NativeUIExample.debug.xcconfig */ = {isa = PBXFileReference; includeInIndex = 1; lastKnownFileType = text.xcconfig; name = "Pods-NativeUIExample.debug.xcconfig"; path = "Target Support Files/Pods-NativeUIExample/Pods-NativeUIExample.debug.xcconfig"; sourceTree = "<group>"; };
/* End PBXFileReference section */

/* Begin PBXFrameworksBuildPhase section */
		3AB073DD243A1D6E0092DF66 /* Frameworks */ = {
			isa = PBXFrameworksBuildPhase;
			buildActionMask = 2147483647;
			files = (
				72F4F40FCECC507127BBF9EB /* Pods_NativeUIExample.framework in Frameworks */,
			);
			runOnlyForDeploymentPostprocessing = 0;
		};
/* End PBXFrameworksBuildPhase section */

/* Begin PBXGroup section */
		375A235D23758E3F9CCDCB9F /* Pods */ = {
			isa = PBXGroup;
			children = (
				F9432C3CC8F8BA5AE31566B5 /* Pods-NativeUIExample.debug.xcconfig */,
				C3802E7F052BAEDAF473A7C9 /* Pods-NativeUIExample.release.xcconfig */,
			);
			name = Pods;
			path = Pods;
			sourceTree = "<group>";
		};
		3AB073D7243A1D6E0092DF66 = {
			isa = PBXGroup;
			children = (
				3AB073E2243A1D6E0092DF66 /* NativeUIExample */,
				3AB073E1243A1D6E0092DF66 /* Products */,
				375A235D23758E3F9CCDCB9F /* Pods */,
				FE5CED247C9E1ACE75EA408D /* Frameworks */,
			);
			sourceTree = "<group>";
		};
		3AB073E1243A1D6E0092DF66 /* Products */ = {
			isa = PBXGroup;
			children = (
				3AB073E0243A1D6E0092DF66 /* NativeUIExample.app */,
			);
			name = Products;
			sourceTree = "<group>";
		};
		3AB073E2243A1D6E0092DF66 /* NativeUIExample */ = {
			isa = PBXGroup;
			children = (
				3AB073E3243A1D6E0092DF66 /* AppDelegate.swift */,
				3AB073E7243A1D6E0092DF66 /* ViewController.swift */,
				3AB073E9243A1D6E0092DF66 /* Main.storyboard */,
				3AB073EC243A1D6F0092DF66 /* Assets.xcassets */,
				3AB073EE243A1D6F0092DF66 /* LaunchScreen.storyboard */,
				3AB073F1243A1D6F0092DF66 /* Info.plist */,
			);
			path = NativeUIExample;
			sourceTree = "<group>";
		};
		FE5CED247C9E1ACE75EA408D /* Frameworks */ = {
			isa = PBXGroup;
			children = (
				A6CA57C303D1BCA85495862B /* Pods_NativeUIExample.framework */,
			);
			name = Frameworks;
			sourceTree = "<group>";
		};
/* End PBXGroup section */

/* Begin PBXNativeTarget section */
		3AB073DF243A1D6E0092DF66 /* NativeUIExample */ = {
			isa = PBXNativeTarget;
			buildConfigurationList = 3AB073F4243A1D6F0092DF66 /* Build configuration list for PBXNativeTarget "NativeUIExample" */;
			buildPhases = (
				2420FCEBFE240BD5CFE599C6 /* [CP] Check Pods Manifest.lock */,
				3AB073DC243A1D6E0092DF66 /* Sources */,
				3AB073DD243A1D6E0092DF66 /* Frameworks */,
				3AB073DE243A1D6E0092DF66 /* Resources */,
				0017A156BF91214905749431 /* [CP] Embed Pods Frameworks */,
			);
			buildRules = (
			);
			dependencies = (
			);
			name = NativeUIExample;
			productName = NativeUIExample;
			productReference = 3AB073E0243A1D6E0092DF66 /* NativeUIExample.app */;
			productType = "com.apple.product-type.application";
		};
/* End PBXNativeTarget section */

/* Begin PBXProject section */
		3AB073D8243A1D6E0092DF66 /* Project object */ = {
			isa = PBXProject;
			attributes = {
				LastSwiftUpdateCheck = 1140;
				LastUpgradeCheck = 1140;
				ORGANIZATIONNAME = "Anton Poltoratskyi";
				TargetAttributes = {
					3AB073DF243A1D6E0092DF66 = {
						CreatedOnToolsVersion = 11.4;
					};
				};
			};
			buildConfigurationList = 3AB073DB243A1D6E0092DF66 /* Build configuration list for PBXProject "NativeUIExample" */;
			compatibilityVersion = "Xcode 9.3";
			developmentRegion = en;
			hasScannedForEncodings = 0;
			knownRegions = (
				en,
				Base,
			);
			mainGroup = 3AB073D7243A1D6E0092DF66;
			productRefGroup = 3AB073E1243A1D6E0092DF66 /* Products */;
			projectDirPath = "";
			projectRoot = "";
			targets = (
				3AB073DF243A1D6E0092DF66 /* NativeUIExample */,
			);
		};
/* End PBXProject section */

/* Begin PBXResourcesBuildPhase section */
		3AB073DE243A1D6E0092DF66 /* Resources */ = {
			isa = PBXResourcesBuildPhase;
			buildActionMask = 2147483647;
			files = (
				3AB073F0243A1D6F0092DF66 /* LaunchScreen.storyboard in Resources */,
				3AB073ED243A1D6F0092DF66 /* Assets.xcassets in Resources */,
				3AB073EB243A1D6E0092DF66 /* Main.storyboard in Resources */,
			);
			runOnlyForDeploymentPostprocessing = 0;
		};
/* End PBXResourcesBuildPhase section */

/* Begin PBXShellScriptBuildPhase section */
		0017A156BF91214905749431 /* [CP] Embed Pods Frameworks */ = {
			isa = PBXShellScriptBuildPhase;
			buildActionMask = 2147483647;
			files = (
			);
			inputFileListPaths = (
				"${PODS_ROOT}/Target Support Files/Pods-NativeUIExample/Pods-NativeUIExample-frameworks-${CONFIGURATION}-input-files.xcfilelist",
			);
			name = "[CP] Embed Pods Frameworks";
			outputFileListPaths = (
				"${PODS_ROOT}/Target Support Files/Pods-NativeUIExample/Pods-NativeUIExample-frameworks-${CONFIGURATION}-output-files.xcfilelist",
			);
			runOnlyForDeploymentPostprocessing = 0;
			shellPath = /bin/sh;
			shellScript = "\"${PODS_ROOT}/Target Support Files/Pods-NativeUIExample/Pods-NativeUIExample-frameworks.sh\"\n";
			showEnvVarsInLog = 0;
		};
		2420FCEBFE240BD5CFE599C6 /* [CP] Check Pods Manifest.lock */ = {
			isa = PBXShellScriptBuildPhase;
			buildActionMask = 2147483647;
			files = (
			);
			inputFileListPaths = (
			);
			inputPaths = (
				"${PODS_PODFILE_DIR_PATH}/Podfile.lock",
				"${PODS_ROOT}/Manifest.lock",
			);
			name = "[CP] Check Pods Manifest.lock";
			outputFileListPaths = (
			);
			outputPaths = (
				"$(DERIVED_FILE_DIR)/Pods-NativeUIExample-checkManifestLockResult.txt",
			);
			runOnlyForDeploymentPostprocessing = 0;
			shellPath = /bin/sh;
			shellScript = "diff \"${PODS_PODFILE_DIR_PATH}/Podfile.lock\" \"${PODS_ROOT}/Manifest.lock\" > /dev/null\nif [ $? != 0 ] ; then\n    # print error to STDERR\n    echo \"error: The sandbox is not in sync with the Podfile.lock. Run 'pod install' or update your CocoaPods installation.\" >&2\n    exit 1\nfi\n# This output is used by Xcode 'outputs' to avoid re-running this script phase.\necho \"SUCCESS\" > \"${SCRIPT_OUTPUT_FILE_0}\"\n";
			showEnvVarsInLog = 0;
		};
/* End PBXShellScriptBuildPhase section */

/* Begin PBXSourcesBuildPhase section */
		3AB073DC243A1D6E0092DF66 /* Sources */ = {
			isa = PBXSourcesBuildPhase;
			buildActionMask = 2147483647;
			files = (
				3AB073E8243A1D6E0092DF66 /* ViewController.swift in Sources */,
				3AB073E4243A1D6E0092DF66 /* AppDelegate.swift in Sources */,
			);
			runOnlyForDeploymentPostprocessing = 0;
		};
/* End PBXSourcesBuildPhase section */

/* Begin PBXVariantGroup section */
		3AB073E9243A1D6E0092DF66 /* Main.storyboard */ = {
			isa = PBXVariantGroup;
			children = (
				3AB073EA243A1D6E0092DF66 /* Base */,
			);
			name = Main.storyboard;
			sourceTree = "<group>";
		};
		3AB073EE243A1D6F0092DF66 /* LaunchScreen.storyboard */ = {
			isa = PBXVariantGroup;
			children = (
				3AB073EF243A1D6F0092DF66 /* Base */,
			);
			name = LaunchScreen.storyboard;
			sourceTree = "<group>";
		};
/* End PBXVariantGroup section */

/* Begin XCBuildConfiguration section */
		3AB073F2243A1D6F0092DF66 /* Debug */ = {
			isa = XCBuildConfiguration;
			buildSettings = {
				ALWAYS_SEARCH_USER_PATHS = NO;
				CLANG_ANALYZER_NONNULL = YES;
				CLANG_ANALYZER_NUMBER_OBJECT_CONVERSION = YES_AGGRESSIVE;
				CLANG_CXX_LANGUAGE_STANDARD = "gnu++14";
				CLANG_CXX_LIBRARY = "libc++";
				CLANG_ENABLE_MODULES = YES;
				CLANG_ENABLE_OBJC_ARC = YES;
				CLANG_ENABLE_OBJC_WEAK = YES;
				CLANG_WARN_BLOCK_CAPTURE_AUTORELEASING = YES;
				CLANG_WARN_BOOL_CONVERSION = YES;
				CLANG_WARN_COMMA = YES;
				CLANG_WARN_CONSTANT_CONVERSION = YES;
				CLANG_WARN_DEPRECATED_OBJC_IMPLEMENTATIONS = YES;
				CLANG_WARN_DIRECT_OBJC_ISA_USAGE = YES_ERROR;
				CLANG_WARN_DOCUMENTATION_COMMENTS = YES;
				CLANG_WARN_EMPTY_BODY = YES;
				CLANG_WARN_ENUM_CONVERSION = YES;
				CLANG_WARN_INFINITE_RECURSION = YES;
				CLANG_WARN_INT_CONVERSION = YES;
				CLANG_WARN_NON_LITERAL_NULL_CONVERSION = YES;
				CLANG_WARN_OBJC_IMPLICIT_RETAIN_SELF = YES;
				CLANG_WARN_OBJC_LITERAL_CONVERSION = YES;
				CLANG_WARN_OBJC_ROOT_CLASS = YES_ERROR;
				CLANG_WARN_RANGE_LOOP_ANALYSIS = YES;
				CLANG_WARN_STRICT_PROTOTYPES = YES;
				CLANG_WARN_SUSPICIOUS_MOVE = YES;
				CLANG_WARN_UNGUARDED_AVAILABILITY = YES_AGGRESSIVE;
				CLANG_WARN_UNREACHABLE_CODE = YES;
				CLANG_WARN__DUPLICATE_METHOD_MATCH = YES;
				COPY_PHASE_STRIP = NO;
				DEBUG_INFORMATION_FORMAT = dwarf;
				ENABLE_STRICT_OBJC_MSGSEND = YES;
				ENABLE_TESTABILITY = YES;
				GCC_C_LANGUAGE_STANDARD = gnu11;
				GCC_DYNAMIC_NO_PIC = NO;
				GCC_NO_COMMON_BLOCKS = YES;
				GCC_OPTIMIZATION_LEVEL = 0;
				GCC_PREPROCESSOR_DEFINITIONS = (
					"DEBUG=1",
					"$(inherited)",
				);
				GCC_WARN_64_TO_32_BIT_CONVERSION = YES;
				GCC_WARN_ABOUT_RETURN_TYPE = YES_ERROR;
				GCC_WARN_UNDECLARED_SELECTOR = YES;
				GCC_WARN_UNINITIALIZED_AUTOS = YES_AGGRESSIVE;
				GCC_WARN_UNUSED_FUNCTION = YES;
				GCC_WARN_UNUSED_VARIABLE = YES;
				IPHONEOS_DEPLOYMENT_TARGET = 13.4;
				MTL_ENABLE_DEBUG_INFO = INCLUDE_SOURCE;
				MTL_FAST_MATH = YES;
				ONLY_ACTIVE_ARCH = YES;
				SDKROOT = iphoneos;
				SWIFT_ACTIVE_COMPILATION_CONDITIONS = DEBUG;
				SWIFT_OPTIMIZATION_LEVEL = "-Onone";
			};
			name = Debug;
		};
		3AB073F3243A1D6F0092DF66 /* Release */ = {
			isa = XCBuildConfiguration;
			buildSettings = {
				ALWAYS_SEARCH_USER_PATHS = NO;
				CLANG_ANALYZER_NONNULL = YES;
				CLANG_ANALYZER_NUMBER_OBJECT_CONVERSION = YES_AGGRESSIVE;
				CLANG_CXX_LANGUAGE_STANDARD = "gnu++14";
				CLANG_CXX_LIBRARY = "libc++";
				CLANG_ENABLE_MODULES = YES;
				CLANG_ENABLE_OBJC_ARC = YES;
				CLANG_ENABLE_OBJC_WEAK = YES;
				CLANG_WARN_BLOCK_CAPTURE_AUTORELEASING = YES;
				CLANG_WARN_BOOL_CONVERSION = YES;
				CLANG_WARN_COMMA = YES;
				CLANG_WARN_CONSTANT_CONVERSION = YES;
				CLANG_WARN_DEPRECATED_OBJC_IMPLEMENTATIONS = YES;
				CLANG_WARN_DIRECT_OBJC_ISA_USAGE = YES_ERROR;
				CLANG_WARN_DOCUMENTATION_COMMENTS = YES;
				CLANG_WARN_EMPTY_BODY = YES;
				CLANG_WARN_ENUM_CONVERSION = YES;
				CLANG_WARN_INFINITE_RECURSION = YES;
				CLANG_WARN_INT_CONVERSION = YES;
				CLANG_WARN_NON_LITERAL_NULL_CONVERSION = YES;
				CLANG_WARN_OBJC_IMPLICIT_RETAIN_SELF = YES;
				CLANG_WARN_OBJC_LITERAL_CONVERSION = YES;
				CLANG_WARN_OBJC_ROOT_CLASS = YES_ERROR;
				CLANG_WARN_RANGE_LOOP_ANALYSIS = YES;
				CLANG_WARN_STRICT_PROTOTYPES = YES;
				CLANG_WARN_SUSPICIOUS_MOVE = YES;
				CLANG_WARN_UNGUARDED_AVAILABILITY = YES_AGGRESSIVE;
				CLANG_WARN_UNREACHABLE_CODE = YES;
				CLANG_WARN__DUPLICATE_METHOD_MATCH = YES;
				COPY_PHASE_STRIP = NO;
				DEBUG_INFORMATION_FORMAT = "dwarf-with-dsym";
				ENABLE_NS_ASSERTIONS = NO;
				ENABLE_STRICT_OBJC_MSGSEND = YES;
				GCC_C_LANGUAGE_STANDARD = gnu11;
				GCC_NO_COMMON_BLOCKS = YES;
				GCC_WARN_64_TO_32_BIT_CONVERSION = YES;
				GCC_WARN_ABOUT_RETURN_TYPE = YES_ERROR;
				GCC_WARN_UNDECLARED_SELECTOR = YES;
				GCC_WARN_UNINITIALIZED_AUTOS = YES_AGGRESSIVE;
				GCC_WARN_UNUSED_FUNCTION = YES;
				GCC_WARN_UNUSED_VARIABLE = YES;
				IPHONEOS_DEPLOYMENT_TARGET = 13.4;
				MTL_ENABLE_DEBUG_INFO = NO;
				MTL_FAST_MATH = YES;
				SDKROOT = iphoneos;
				SWIFT_COMPILATION_MODE = wholemodule;
				SWIFT_OPTIMIZATION_LEVEL = "-O";
				VALIDATE_PRODUCT = YES;
			};
			name = Release;
		};
		3AB073F5243A1D6F0092DF66 /* Debug */ = {
			isa = XCBuildConfiguration;
			baseConfigurationReference = F9432C3CC8F8BA5AE31566B5 /* Pods-NativeUIExample.debug.xcconfig */;
			buildSettings = {
				ASSETCATALOG_COMPILER_APPICON_NAME = AppIcon;
				CODE_SIGN_STYLE = Automatic;
				INFOPLIST_FILE = NativeUIExample/Info.plist;
				IPHONEOS_DEPLOYMENT_TARGET = 9.0;
				LD_RUNPATH_SEARCH_PATHS = (
					"$(inherited)",
					"@executable_path/Frameworks",
				);
				PRODUCT_BUNDLE_IDENTIFIER = com.polant.NativeUIExample;
				PRODUCT_NAME = "$(TARGET_NAME)";
				SWIFT_VERSION = 5.0;
				TARGETED_DEVICE_FAMILY = "1,2";
			};
			name = Debug;
		};
		3AB073F6243A1D6F0092DF66 /* Release */ = {
			isa = XCBuildConfiguration;
			baseConfigurationReference = C3802E7F052BAEDAF473A7C9 /* Pods-NativeUIExample.release.xcconfig */;
			buildSettings = {
				ASSETCATALOG_COMPILER_APPICON_NAME = AppIcon;
				CODE_SIGN_STYLE = Automatic;
				INFOPLIST_FILE = NativeUIExample/Info.plist;
				IPHONEOS_DEPLOYMENT_TARGET = 9.0;
				LD_RUNPATH_SEARCH_PATHS = (
					"$(inherited)",
					"@executable_path/Frameworks",
				);
				PRODUCT_BUNDLE_IDENTIFIER = com.polant.NativeUIExample;
				PRODUCT_NAME = "$(TARGET_NAME)";
				SWIFT_VERSION = 5.0;
				TARGETED_DEVICE_FAMILY = "1,2";
			};
			name = Release;
		};
/* End XCBuildConfiguration section */

/* Begin XCConfigurationList section */
		3AB073DB243A1D6E0092DF66 /* Build configuration list for PBXProject "NativeUIExample" */ = {
			isa = XCConfigurationList;
			buildConfigurations = (
				3AB073F2243A1D6F0092DF66 /* Debug */,
				3AB073F3243A1D6F0092DF66 /* Release */,
			);
			defaultConfigurationIsVisible = 0;
			defaultConfigurationName = Release;
		};
		3AB073F4243A1D6F0092DF66 /* Build configuration list for PBXNativeTarget "NativeUIExample" */ = {
			isa = XCConfigurationList;
			buildConfigurations = (
				3AB073F5243A1D6F0092DF66 /* Debug */,
				3AB073F6243A1D6F0092DF66 /* Release */,
			);
			defaultConfigurationIsVisible = 0;
			defaultConfigurationName = Release;
		};
/* End XCConfigurationList section */
	};
	rootObject = 3AB073D8243A1D6E0092DF66 /* Project object */;
}
